lockfileVersion: '9.0'

settings:
  autoInstallPeers: true
  excludeLinksFromLockfile: false

importers:

  .:
    dependencies:
      postgres:
        specifier: ^3.x
        version: 3.4.5
    devDependencies:
      typescript:
        specifier: ^5.8.2
        version: 5.8.2

packages:

  postgres@3.4.5:
    resolution: {integrity: sha512-cDWgoah1Gez9rN3H4165peY9qfpEo+SA61oQv65O3cRUE1pOEoJWwddwcqKE8XZYjbblOJlYDlLV4h67HrEVDg==}
    engines: {node: '>=12'}

  typescript@5.8.2:
    resolution: {integrity: sha512-aJn6wq13/afZp/jT9QZmwEjDqqvSGp1VT5GVg+f/t6/oVyrgXM6BY1h9BRh/O5p3PlUPAe+WuiEZOmb/49RqoQ==}
    engines: {node: '>=14.17'}
    hasBin: true

snapshots:

  postgres@3.4.5: {}

  typescript@5.8.2: {}
